
Microsoft Visual Studio Solution File, Format Version 12.00
# Visual Studio Version 16
VisualStudioVersion = 16.0.31112.23
MinimumVisualStudioVersion = 10.0.40219.1
Project("{FAE04EC0-301F-11D3-BF4B-00C04F79EFBC}") = "Pong", "Pong.csproj", "{1F3810DF-A179-42BD-A543-E0363BBF37C1}"
EndProject
Global
	GlobalSection(SolutionConfigurationPlatforms) = preSolution
		Debug|Any CPU = Debug|Any CPU
		Release|Any CPU = Release|Any CPU
	EndGlobalSection
	GlobalSection(ProjectConfigurationPlatforms) = postSolution
		{1F3810DF-A179-42BD-A543-E0363BBF37C1}.Debug|Any CPU.ActiveCfg = Debug|Any CPU
		{1F3810DF-A179-42BD-A543-E0363BBF37C1}.Debug|Any CPU.Build.0 = Debug|Any CPU
		{1F3810DF-A179-42BD-A543-E0363BBF37C1}.Release|Any CPU.ActiveCfg = Release|Any CPU
		{1F3810DF-A179-42BD-A543-E0363BBF37C1}.Release|Any CPU.Build.0 = Release|Any CPU
	EndGlobalSection
	GlobalSection(SolutionProperties) = preSolution
		HideSolutionNode = FALSE
	EndGlobalSection
	GlobalSection(ExtensibilityGlobals) = postSolution
		SolutionGuid = {C5D85AD7-B791-4F8A-BCD4-07B048FCF154}
	EndGlobalSection
EndGlobal
